
Microsoft Visual Studio Solution File, Format Version 12.00
# Visual Studio Version 17
VisualStudioVersion = 17.5.002.0
MinimumVisualStudioVersion = 10.0.40219.1
Project("{9A19103F-16F7-4668-BE54-9A1E7A4F7556}") = "main", "main\main.csproj", "{BD1FCE6F-08BC-463B-A07A-8F0BD7FCE6F4}"
EndProject
Project("{9A19103F-16F7-4668-BE54-9A1E7A4F7556}") = "main.test", "main.test\main.test.csproj", "{BD828CBF-BD14-44CB-A502-DADAFF473E45}"
EndProject
Global
	GlobalSection(SolutionConfigurationPlatforms) = preSolution
		Debug|Any CPU = Debug|Any CPU
		Release|Any CPU = Release|Any CPU
	EndGlobalSection
	GlobalSection(ProjectConfigurationPlatforms) = postSolution
		{BD1FCE6F-08BC-463B-A07A-8F0BD7FCE6F4}.Debug|Any CPU.ActiveCfg = Debug|Any CPU
		{BD1FCE6F-08BC-463B-A07A-8F0BD7FCE6F4}.Debug|Any CPU.Build.0 = Debug|Any CPU
		{BD1FCE6F-08BC-463B-A07A-8F0BD7FCE6F4}.Release|Any CPU.ActiveCfg = Release|Any CPU
		{BD1FCE6F-08BC-463B-A07A-8F0BD7FCE6F4}.Release|Any CPU.Build.0 = Release|Any CPU
		{BD828CBF-BD14-44CB-A502-DADAFF473E45}.Debug|Any CPU.ActiveCfg = Debug|Any CPU
		{BD828CBF-BD14-44CB-A502-DADAFF473E45}.Debug|Any CPU.Build.0 = Debug|Any CPU
		{BD828CBF-BD14-44CB-A502-DADAFF473E45}.Release|Any CPU.ActiveCfg = Release|Any CPU
		{BD828CBF-BD14-44CB-A502-DADAFF473E45}.Release|Any CPU.Build.0 = Release|Any CPU
	EndGlobalSection
	GlobalSection(SolutionProperties) = preSolution
		HideSolutionNode = FALSE
	EndGlobalSection
	GlobalSection(ExtensibilityGlobals) = postSolution
		SolutionGuid = {5BA2ABBB-974F-4BF4-B54D-9CEBB4E7AD17}
	EndGlobalSection
EndGlobal
